// !$*UTF8*$!
{
	archiveVersion = 1;
	classes = {
	};
	objectVersion = 51;
	objects = {

/* Begin PBXBuildFile section */
		4482340A23386A34004C92B6 /* AppDelegate.swift in Sources */ = {isa = PBXBuildFile; fileRef = 4482340923386A34004C92B6 /* AppDelegate.swift */; };
		4482340C23386A34004C92B6 /* LaunchViewController.swift in Sources */ = {isa = PBXBuildFile; fileRef = 4482340B23386A34004C92B6 /* LaunchViewController.swift */; };
		4482340F23386A34004C92B6 /* Main.storyboard in Resources */ = {isa = PBXBuildFile; fileRef = 4482340D23386A34004C92B6 /* Main.storyboard */; };
		4482341123386A36004C92B6 /* Assets.xcassets in Resources */ = {isa = PBXBuildFile; fileRef = 4482341023386A36004C92B6 /* Assets.xcassets */; };
		4482341423386A36004C92B6 /* LaunchScreen.storyboard in Resources */ = {isa = PBXBuildFile; fileRef = 4482341223386A36004C92B6 /* LaunchScreen.storyboard */; };
		4482341F23386A36004C92B6 /* SpaceXTests.swift in Sources */ = {isa = PBXBuildFile; fileRef = 4482341E23386A36004C92B6 /* SpaceXTests.swift */; };
		4482342B23386D36004C92B6 /* LaunchViewModel.swift in Sources */ = {isa = PBXBuildFile; fileRef = 4482342A23386D36004C92B6 /* LaunchViewModel.swift */; };
		4482342E23386D87004C92B6 /* LaunchService.swift in Sources */ = {isa = PBXBuildFile; fileRef = 4482342D23386D87004C92B6 /* LaunchService.swift */; };
		4482343023386E26004C92B6 /* LaunchServiceProtocol.swift in Sources */ = {isa = PBXBuildFile; fileRef = 4482342F23386E26004C92B6 /* LaunchServiceProtocol.swift */; };
		44823433233878A2004C92B6 /* Launch.swift in Sources */ = {isa = PBXBuildFile; fileRef = 44823432233878A2004C92B6 /* Launch.swift */; };
		4482343923388850004C92B6 /* LaunchTableViewCell.swift in Sources */ = {isa = PBXBuildFile; fileRef = 4482343723388850004C92B6 /* LaunchTableViewCell.swift */; };
		4482343A23388850004C92B6 /* LaunchTableViewCell.xib in Resources */ = {isa = PBXBuildFile; fileRef = 4482343823388850004C92B6 /* LaunchTableViewCell.xib */; };
		4482343C2338D0A7004C92B6 /* RocketDetails.swift in Sources */ = {isa = PBXBuildFile; fileRef = 4482343B2338D0A7004C92B6 /* RocketDetails.swift */; };
		4482343E2338DA62004C92B6 /* LaunchDetailsViewController.swift in Sources */ = {isa = PBXBuildFile; fileRef = 4482343D2338DA62004C92B6 /* LaunchDetailsViewController.swift */; };
		5D75AB932335E35DF91B7723 /* Pods_SpaceXTests.framework in Frameworks */ = {isa = PBXBuildFile; fileRef = 7F83DDB82D0C8D1FB8ECF304 /* Pods_SpaceXTests.framework */; };
		646C214BD9903DD030BABF52 /* Pods_SpaceX.framework in Frameworks */ = {isa = PBXBuildFile; fileRef = 7797057B0C8E7B3D9DCCC3A0 /* Pods_SpaceX.framework */; };
/* End PBXBuildFile section */

/* Begin PBXContainerItemProxy section */
		4482341B23386A36004C92B6 /* PBXContainerItemProxy */ = {
			isa = PBXContainerItemProxy;
			containerPortal = 448233FE23386A34004C92B6 /* Project object */;
			proxyType = 1;
			remoteGlobalIDString = 4482340523386A34004C92B6;
			remoteInfo = SpaceX;
		};
/* End PBXContainerItemProxy section */

/* Begin PBXFileReference section */
		0FA94C094F283C2BF74DA31F /* Pods-SpaceXTests.release.xcconfig */ = {isa = PBXFileReference; includeInIndex = 1; lastKnownFileType = text.xcconfig; name = "Pods-SpaceXTests.release.xcconfig"; path = "Target Support Files/Pods-SpaceXTests/Pods-SpaceXTests.release.xcconfig"; sourceTree = "<group>"; };
		359C308E635E1C23A31AF5CF /* Pods-SpaceX.release.xcconfig */ = {isa = PBXFileReference; includeInIndex = 1; lastKnownFileType = text.xcconfig; name = "Pods-SpaceX.release.xcconfig"; path = "Target Support Files/Pods-SpaceX/Pods-SpaceX.release.xcconfig"; sourceTree = "<group>"; };
		4482340623386A34004C92B6 /* SpaceX.app */ = {isa = PBXFileReference; explicitFileType = wrapper.application; includeInIndex = 0; path = SpaceX.app; sourceTree = BUILT_PRODUCTS_DIR; };
		4482340923386A34004C92B6 /* AppDelegate.swift */ = {isa = PBXFileReference; lastKnownFileType = sourcecode.swift; path = AppDelegate.swift; sourceTree = "<group>"; };
		4482340B23386A34004C92B6 /* LaunchViewController.swift */ = {isa = PBXFileReference; lastKnownFileType = sourcecode.swift; path = LaunchViewController.swift; sourceTree = "<group>"; };
		4482340E23386A34004C92B6 /* Base */ = {isa = PBXFileReference; lastKnownFileType = file.storyboard; name = Base; path = Base.lproj/Main.storyboard; sourceTree = "<group>"; };
		4482341023386A36004C92B6 /* Assets.xcassets */ = {isa = PBXFileReference; lastKnownFileType = folder.assetcatalog; path = Assets.xcassets; sourceTree = "<group>"; };
		4482341323386A36004C92B6 /* Base */ = {isa = PBXFileReference; lastKnownFileType = file.storyboard; name = Base; path = Base.lproj/LaunchScreen.storyboard; sourceTree = "<group>"; };
		4482341523386A36004C92B6 /* Info.plist */ = {isa = PBXFileReference; lastKnownFileType = text.plist.xml; path = Info.plist; sourceTree = "<group>"; };
		4482341A23386A36004C92B6 /* SpaceXTests.xctest */ = {isa = PBXFileReference; explicitFileType = wrapper.cfbundle; includeInIndex = 0; path = SpaceXTests.xctest; sourceTree = BUILT_PRODUCTS_DIR; };
		4482341E23386A36004C92B6 /* SpaceXTests.swift */ = {isa = PBXFileReference; lastKnownFileType = sourcecode.swift; path = SpaceXTests.swift; sourceTree = "<group>"; };
		4482342023386A36004C92B6 /* Info.plist */ = {isa = PBXFileReference; lastKnownFileType = text.plist.xml; path = Info.plist; sourceTree = "<group>"; };
		4482342A23386D36004C92B6 /* LaunchViewModel.swift */ = {isa = PBXFileReference; lastKnownFileType = sourcecode.swift; path = LaunchViewModel.swift; sourceTree = "<group>"; };
		4482342D23386D87004C92B6 /* LaunchService.swift */ = {isa = PBXFileReference; lastKnownFileType = sourcecode.swift; path = LaunchService.swift; sourceTree = "<group>"; };
		4482342F23386E26004C92B6 /* LaunchServiceProtocol.swift */ = {isa = PBXFileReference; lastKnownFileType = sourcecode.swift; path = LaunchServiceProtocol.swift; sourceTree = "<group>"; };
		44823432233878A2004C92B6 /* Launch.swift */ = {isa = PBXFileReference; lastKnownFileType = sourcecode.swift; path = Launch.swift; sourceTree = "<group>"; };
		4482343723388850004C92B6 /* LaunchTableViewCell.swift */ = {isa = PBXFileReference; lastKnownFileType = sourcecode.swift; path = LaunchTableViewCell.swift; sourceTree = "<group>"; };
		4482343823388850004C92B6 /* LaunchTableViewCell.xib */ = {isa = PBXFileReference; lastKnownFileType = file.xib; path = LaunchTableViewCell.xib; sourceTree = "<group>"; };
		4482343B2338D0A7004C92B6 /* RocketDetails.swift */ = {isa = PBXFileReference; lastKnownFileType = sourcecode.swift; path = RocketDetails.swift; sourceTree = "<group>"; };
		4482343D2338DA62004C92B6 /* LaunchDetailsViewController.swift */ = {isa = PBXFileReference; lastKnownFileType = sourcecode.swift; path = LaunchDetailsViewController.swift; sourceTree = "<group>"; };
		4FA1FEDE54A90DD96CEDCD5C /* Pods-SpaceXTests.debug.xcconfig */ = {isa = PBXFileReference; includeInIndex = 1; lastKnownFileType = text.xcconfig; name = "Pods-SpaceXTests.debug.xcconfig"; path = "Target Support Files/Pods-SpaceXTests/Pods-SpaceXTests.debug.xcconfig"; sourceTree = "<group>"; };
		7797057B0C8E7B3D9DCCC3A0 /* Pods_SpaceX.framework */ = {isa = PBXFileReference; explicitFileType = wrapper.framework; includeInIndex = 0; path = Pods_SpaceX.framework; sourceTree = BUILT_PRODUCTS_DIR; };
		7F83DDB82D0C8D1FB8ECF304 /* Pods_SpaceXTests.framework */ = {isa = PBXFileReference; explicitFileType = wrapper.framework; includeInIndex = 0; path = Pods_SpaceXTests.framework; sourceTree = BUILT_PRODUCTS_DIR; };
		97152774857DB6B9E2D82A21 /* Pods-SpaceX.debug.xcconfig */ = {isa = PBXFileReference; includeInIndex = 1; lastKnownFileType = text.xcconfig; name = "Pods-SpaceX.debug.xcconfig"; path = "Target Support Files/Pods-SpaceX/Pods-SpaceX.debug.xcconfig"; sourceTree = "<group>"; };
/* End PBXFileReference section */

/* Begin PBXFrameworksBuildPhase section */
		4482340323386A34004C92B6 /* Frameworks */ = {
			isa = PBXFrameworksBuildPhase;
			buildActionMask = 2147483647;
			files = (
				646C214BD9903DD030BABF52 /* Pods_SpaceX.framework in Frameworks */,
			);
			runOnlyForDeploymentPostprocessing = 0;
		};
		4482341723386A36004C92B6 /* Frameworks */ = {
			isa = PBXFrameworksBuildPhase;
			buildActionMask = 2147483647;
			files = (
				5D75AB932335E35DF91B7723 /* Pods_SpaceXTests.framework in Frameworks */,
			);
			runOnlyForDeploymentPostprocessing = 0;
		};
/* End PBXFrameworksBuildPhase section */

/* Begin PBXGroup section */
		253B295D4132D9DC9D5F34E7 /* Frameworks */ = {
			isa = PBXGroup;
			children = (
				7797057B0C8E7B3D9DCCC3A0 /* Pods_SpaceX.framework */,
				7F83DDB82D0C8D1FB8ECF304 /* Pods_SpaceXTests.framework */,
			);
			name = Frameworks;
			sourceTree = "<group>";
		};
		448233FD23386A34004C92B6 = {
			isa = PBXGroup;
			children = (
				4482340823386A34004C92B6 /* SpaceX */,
				4482341D23386A36004C92B6 /* SpaceXTests */,
				4482340723386A34004C92B6 /* Products */,
				4832E6477149910157D73F1B /* Pods */,
				253B295D4132D9DC9D5F34E7 /* Frameworks */,
			);
			sourceTree = "<group>";
		};
		4482340723386A34004C92B6 /* Products */ = {
			isa = PBXGroup;
			children = (
				4482340623386A34004C92B6 /* SpaceX.app */,
				4482341A23386A36004C92B6 /* SpaceXTests.xctest */,
			);
			name = Products;
			sourceTree = "<group>";
		};
		4482340823386A34004C92B6 /* SpaceX */ = {
			isa = PBXGroup;
			children = (
				4482342C23386D5C004C92B6 /* Service */,
				4482342923386CEA004C92B6 /* Launch */,
				4482340923386A34004C92B6 /* AppDelegate.swift */,
				4482340D23386A34004C92B6 /* Main.storyboard */,
				4482341023386A36004C92B6 /* Assets.xcassets */,
				4482341223386A36004C92B6 /* LaunchScreen.storyboard */,
				4482341523386A36004C92B6 /* Info.plist */,
			);
			path = SpaceX;
			sourceTree = "<group>";
		};
		4482341D23386A36004C92B6 /* SpaceXTests */ = {
			isa = PBXGroup;
			children = (
				4482341E23386A36004C92B6 /* SpaceXTests.swift */,
				4482342023386A36004C92B6 /* Info.plist */,
			);
			path = SpaceXTests;
			sourceTree = "<group>";
		};
		4482342923386CEA004C92B6 /* Launch */ = {
			isa = PBXGroup;
			children = (
				44823435233887C8004C92B6 /* View */,
				44823434233887B7004C92B6 /* ViewModel */,
				448234312338788F004C92B6 /* Model */,
			);
			path = Launch;
			sourceTree = "<group>";
		};
		4482342C23386D5C004C92B6 /* Service */ = {
			isa = PBXGroup;
			children = (
				4482342D23386D87004C92B6 /* LaunchService.swift */,
				4482342F23386E26004C92B6 /* LaunchServiceProtocol.swift */,
			);
			path = Service;
			sourceTree = "<group>";
		};
		448234312338788F004C92B6 /* Model */ = {
			isa = PBXGroup;
			children = (
				44823432233878A2004C92B6 /* Launch.swift */,
				4482343B2338D0A7004C92B6 /* RocketDetails.swift */,
			);
			path = Model;
			sourceTree = "<group>";
		};
		44823434233887B7004C92B6 /* ViewModel */ = {
			isa = PBXGroup;
			children = (
				4482342A23386D36004C92B6 /* LaunchViewModel.swift */,
			);
			path = ViewModel;
			sourceTree = "<group>";
		};
		44823435233887C8004C92B6 /* View */ = {
			isa = PBXGroup;
			children = (
				44823436233887D3004C92B6 /* Cell */,
				4482340B23386A34004C92B6 /* LaunchViewController.swift */,
				4482343D2338DA62004C92B6 /* LaunchDetailsViewController.swift */,
			);
			path = View;
			sourceTree = "<group>";
		};
		44823436233887D3004C92B6 /* Cell */ = {
			isa = PBXGroup;
			children = (
				4482343723388850004C92B6 /* LaunchTableViewCell.swift */,
				4482343823388850004C92B6 /* LaunchTableViewCell.xib */,
			);
			path = Cell;
			sourceTree = "<group>";
		};
		4832E6477149910157D73F1B /* Pods */ = {
			isa = PBXGroup;
			children = (
				97152774857DB6B9E2D82A21 /* Pods-SpaceX.debug.xcconfig */,
				359C308E635E1C23A31AF5CF /* Pods-SpaceX.release.xcconfig */,
				4FA1FEDE54A90DD96CEDCD5C /* Pods-SpaceXTests.debug.xcconfig */,
				0FA94C094F283C2BF74DA31F /* Pods-SpaceXTests.release.xcconfig */,
			);
			path = Pods;
			sourceTree = "<group>";
		};
/* End PBXGroup section */

/* Begin PBXNativeTarget section */
		4482340523386A34004C92B6 /* SpaceX */ = {
			isa = PBXNativeTarget;
			buildConfigurationList = 4482342323386A36004C92B6 /* Build configuration list for PBXNativeTarget "SpaceX" */;
			buildPhases = (
				7FCAAB1031918F97FD7BAA8C /* [CP] Check Pods Manifest.lock */,
				4482340223386A34004C92B6 /* Sources */,
				4482340323386A34004C92B6 /* Frameworks */,
				4482340423386A34004C92B6 /* Resources */,
			);
			buildRules = (
			);
			dependencies = (
			);
			name = SpaceX;
			productName = SpaceX;
			productReference = 4482340623386A34004C92B6 /* SpaceX.app */;
			productType = "com.apple.product-type.application";
		};
		4482341923386A36004C92B6 /* SpaceXTests */ = {
			isa = PBXNativeTarget;
			buildConfigurationList = 4482342623386A36004C92B6 /* Build configuration list for PBXNativeTarget "SpaceXTests" */;
			buildPhases = (
				935EDDF33AFCF789EDC462DA /* [CP] Check Pods Manifest.lock */,
				4482341623386A36004C92B6 /* Sources */,
				4482341723386A36004C92B6 /* Frameworks */,
				4482341823386A36004C92B6 /* Resources */,
				AC3A466DC7C6AF8F0395BF4A /* [CP] Embed Pods Frameworks */,
			);
			buildRules = (
			);
			dependencies = (
				4482341C23386A36004C92B6 /* PBXTargetDependency */,
			);
			name = SpaceXTests;
			productName = SpaceXTests;
			productReference = 4482341A23386A36004C92B6 /* SpaceXTests.xctest */;
			productType = "com.apple.product-type.bundle.unit-test";
		};
/* End PBXNativeTarget section */

/* Begin PBXProject section */
		448233FE23386A34004C92B6 /* Project object */ = {
			isa = PBXProject;
			attributes = {
				LastSwiftUpdateCheck = 1020;
				LastUpgradeCheck = 1020;
				ORGANIZATIONNAME = "Sunil Kumar";
				TargetAttributes = {
					4482340523386A34004C92B6 = {
						CreatedOnToolsVersion = 10.2.1;
					};
					4482341923386A36004C92B6 = {
						CreatedOnToolsVersion = 10.2.1;
						TestTargetID = 4482340523386A34004C92B6;
					};
				};
			};
			buildConfigurationList = 4482340123386A34004C92B6 /* Build configuration list for PBXProject "SpaceX" */;
			compatibilityVersion = "Xcode 9.3";
			developmentRegion = en;
			hasScannedForEncodings = 0;
			knownRegions = (
				en,
				Base,
			);
			mainGroup = 448233FD23386A34004C92B6;
			productRefGroup = 4482340723386A34004C92B6 /* Products */;
			projectDirPath = "";
			projectRoot = "";
			targets = (
				4482340523386A34004C92B6 /* SpaceX */,
				4482341923386A36004C92B6 /* SpaceXTests */,
			);
		};
/* End PBXProject section */

/* Begin PBXResourcesBuildPhase section */
		4482340423386A34004C92B6 /* Resources */ = {
			isa = PBXResourcesBuildPhase;
			buildActionMask = 2147483647;
			files = (
				4482341423386A36004C92B6 /* LaunchScreen.storyboard in Resources */,
				4482341123386A36004C92B6 /* Assets.xcassets in Resources */,
				4482343A23388850004C92B6 /* LaunchTableViewCell.xib in Resources */,
				4482340F23386A34004C92B6 /* Main.storyboard in Resources */,
			);
			runOnlyForDeploymentPostprocessing = 0;
		};
		4482341823386A36004C92B6 /* Resources */ = {
			isa = PBXResourcesBuildPhase;
			buildActionMask = 2147483647;
			files = (
			);
			runOnlyForDeploymentPostprocessing = 0;
		};
/* End PBXResourcesBuildPhase section */

/* Begin PBXShellScriptBuildPhase section */
		7FCAAB1031918F97FD7BAA8C /* [CP] Check Pods Manifest.lock */ = {
			isa = PBXShellScriptBuildPhase;
			buildActionMask = 2147483647;
			files = (
			);
			inputFileListPaths = (
			);
			inputPaths = (
				"${PODS_PODFILE_DIR_PATH}/Podfile.lock",
				"${PODS_ROOT}/Manifest.lock",
			);
			name = "[CP] Check Pods Manifest.lock";
			outputFileListPaths = (
			);
			outputPaths = (
				"$(DERIVED_FILE_DIR)/Pods-SpaceX-checkManifestLockResult.txt",
			);
			runOnlyForDeploymentPostprocessing = 0;
			shellPath = /bin/sh;
			shellScript = "diff \"${PODS_PODFILE_DIR_PATH}/Podfile.lock\" \"${PODS_ROOT}/Manifest.lock\" > /dev/null\nif [ $? != 0 ] ; then\n    # print error to STDERR\n    echo \"error: The sandbox is not in sync with the Podfile.lock. Run 'pod install' or update your CocoaPods installation.\" >&2\n    exit 1\nfi\n# This output is used by Xcode 'outputs' to avoid re-running this script phase.\necho \"SUCCESS\" > \"${SCRIPT_OUTPUT_FILE_0}\"\n";
			showEnvVarsInLog = 0;
		};
		935EDDF33AFCF789EDC462DA /* [CP] Check Pods Manifest.lock */ = {
			isa = PBXShellScriptBuildPhase;
			buildActionMask = 2147483647;
			files = (
			);
			inputFileListPaths = (
			);
			inputPaths = (
				"${PODS_PODFILE_DIR_PATH}/Podfile.lock",
				"${PODS_ROOT}/Manifest.lock",
			);
			name = "[CP] Check Pods Manifest.lock";
			outputFileListPaths = (
			);
			outputPaths = (
				"$(DERIVED_FILE_DIR)/Pods-SpaceXTests-checkManifestLockResult.txt",
			);
			runOnlyForDeploymentPostprocessing = 0;
			shellPath = /bin/sh;
			shellScript = "diff \"${PODS_PODFILE_DIR_PATH}/Podfile.lock\" \"${PODS_ROOT}/Manifest.lock\" > /dev/null\nif [ $? != 0 ] ; then\n    # print error to STDERR\n    echo \"error: The sandbox is not in sync with the Podfile.lock. Run 'pod install' or update your CocoaPods installation.\" >&2\n    exit 1\nfi\n# This output is used by Xcode 'outputs' to avoid re-running this script phase.\necho \"SUCCESS\" > \"${SCRIPT_OUTPUT_FILE_0}\"\n";
			showEnvVarsInLog = 0;
		};
		AC3A466DC7C6AF8F0395BF4A /* [CP] Embed Pods Frameworks */ = {
			isa = PBXShellScriptBuildPhase;
			buildActionMask = 2147483647;
			files = (
			);
			inputFileListPaths = (
				"${PODS_ROOT}/Target Support Files/Pods-SpaceXTests/Pods-SpaceXTests-frameworks-${CONFIGURATION}-input-files.xcfilelist",
			);
			name = "[CP] Embed Pods Frameworks";
			outputFileListPaths = (
				"${PODS_ROOT}/Target Support Files/Pods-SpaceXTests/Pods-SpaceXTests-frameworks-${CONFIGURATION}-output-files.xcfilelist",
			);
			runOnlyForDeploymentPostprocessing = 0;
			shellPath = /bin/sh;
			shellScript = "\"${PODS_ROOT}/Target Support Files/Pods-SpaceXTests/Pods-SpaceXTests-frameworks.sh\"\n";
			showEnvVarsInLog = 0;
		};
/* End PBXShellScriptBuildPhase section */

/* Begin PBXSourcesBuildPhase section */
		4482340223386A34004C92B6 /* Sources */ = {
			isa = PBXSourcesBuildPhase;
			buildActionMask = 2147483647;
			files = (
				4482340C23386A34004C92B6 /* LaunchViewController.swift in Sources */,
				4482343E2338DA62004C92B6 /* LaunchDetailsViewController.swift in Sources */,
				4482340A23386A34004C92B6 /* AppDelegate.swift in Sources */,
				4482342E23386D87004C92B6 /* LaunchService.swift in Sources */,
				4482343023386E26004C92B6 /* LaunchServiceProtocol.swift in Sources */,
				4482343C2338D0A7004C92B6 /* RocketDetails.swift in Sources */,
				44823433233878A2004C92B6 /* Launch.swift in Sources */,
				4482343923388850004C92B6 /* LaunchTableViewCell.swift in Sources */,
				4482342B23386D36004C92B6 /* LaunchViewModel.swift in Sources */,
			);
			runOnlyForDeploymentPostprocessing = 0;
		};
		4482341623386A36004C92B6 /* Sources */ = {
			isa = PBXSourcesBuildPhase;
			buildActionMask = 2147483647;
			files = (
				4482341F23386A36004C92B6 /* SpaceXTests.swift in Sources */,
			);
			runOnlyForDeploymentPostprocessing = 0;
		};
/* End PBXSourcesBuildPhase section */

/* Begin PBXTargetDependency section */
		4482341C23386A36004C92B6 /* PBXTargetDependency */ = {
			isa = PBXTargetDependency;
			target = 4482340523386A34004C92B6 /* SpaceX */;
			targetProxy = 4482341B23386A36004C92B6 /* PBXContainerItemProxy */;
		};
/* End PBXTargetDependency section */

/* Begin PBXVariantGroup section */
		4482340D23386A34004C92B6 /* Main.storyboard */ = {
			isa = PBXVariantGroup;
			children = (
				4482340E23386A34004C92B6 /* Base */,
			);
			name = Main.storyboard;
			sourceTree = "<group>";
		};
		4482341223386A36004C92B6 /* LaunchScreen.storyboard */ = {
			isa = PBXVariantGroup;
			children = (
				4482341323386A36004C92B6 /* Base */,
			);
			name = LaunchScreen.storyboard;
			sourceTree = "<group>";
		};
/* End PBXVariantGroup section */

/* Begin XCBuildConfiguration section */
		4482342123386A36004C92B6 /* Debug */ = {
			isa = XCBuildConfiguration;
			buildSettings = {
				ALWAYS_SEARCH_USER_PATHS = NO;
				CLANG_ANALYZER_NONNULL = YES;
				CLANG_ANALYZER_NUMBER_OBJECT_CONVERSION = YES_AGGRESSIVE;
				CLANG_CXX_LANGUAGE_STANDARD = "gnu++14";
				CLANG_CXX_LIBRARY = "libc++";
				CLANG_ENABLE_MODULES = YES;
				CLANG_ENABLE_OBJC_ARC = YES;
				CLANG_ENABLE_OBJC_WEAK = YES;
				CLANG_WARN_BLOCK_CAPTURE_AUTORELEASING = YES;
				CLANG_WARN_BOOL_CONVERSION = YES;
				CLANG_WARN_COMMA = YES;
				CLANG_WARN_CONSTANT_CONVERSION = YES;
				CLANG_WARN_DEPRECATED_OBJC_IMPLEMENTATIONS = YES;
				CLANG_WARN_DIRECT_OBJC_ISA_USAGE = YES_ERROR;
				CLANG_WARN_DOCUMENTATION_COMMENTS = YES;
				CLANG_WARN_EMPTY_BODY = YES;
				CLANG_WARN_ENUM_CONVERSION = YES;
				CLANG_WARN_INFINITE_RECURSION = YES;
				CLANG_WARN_INT_CONVERSION = YES;
				CLANG_WARN_NON_LITERAL_NULL_CONVERSION = YES;
				CLANG_WARN_OBJC_IMPLICIT_RETAIN_SELF = YES;
				CLANG_WARN_OBJC_LITERAL_CONVERSION = YES;
				CLANG_WARN_OBJC_ROOT_CLASS = YES_ERROR;
				CLANG_WARN_RANGE_LOOP_ANALYSIS = YES;
				CLANG_WARN_STRICT_PROTOTYPES = YES;
				CLANG_WARN_SUSPICIOUS_MOVE = YES;
				CLANG_WARN_UNGUARDED_AVAILABILITY = YES_AGGRESSIVE;
				CLANG_WARN_UNREACHABLE_CODE = YES;
				CLANG_WARN__DUPLICATE_METHOD_MATCH = YES;
				CODE_SIGN_IDENTITY = "iPhone Developer";
				COPY_PHASE_STRIP = NO;
				DEBUG_INFORMATION_FORMAT = dwarf;
				ENABLE_STRICT_OBJC_MSGSEND = YES;
				ENABLE_TESTABILITY = YES;
				GCC_C_LANGUAGE_STANDARD = gnu11;
				GCC_DYNAMIC_NO_PIC = NO;
				GCC_NO_COMMON_BLOCKS = YES;
				GCC_OPTIMIZATION_LEVEL = 0;
				GCC_PREPROCESSOR_DEFINITIONS = (
					"DEBUG=1",
					"$(inherited)",
				);
				GCC_WARN_64_TO_32_BIT_CONVERSION = YES;
				GCC_WARN_ABOUT_RETURN_TYPE = YES_ERROR;
				GCC_WARN_UNDECLARED_SELECTOR = YES;
				GCC_WARN_UNINITIALIZED_AUTOS = YES_AGGRESSIVE;
				GCC_WARN_UNUSED_FUNCTION = YES;
				GCC_WARN_UNUSED_VARIABLE = YES;
				IPHONEOS_DEPLOYMENT_TARGET = 12.2;
				MTL_ENABLE_DEBUG_INFO = INCLUDE_SOURCE;
				MTL_FAST_MATH = YES;
				ONLY_ACTIVE_ARCH = YES;
				SDKROOT = iphoneos;
				SWIFT_ACTIVE_COMPILATION_CONDITIONS = DEBUG;
				SWIFT_OPTIMIZATION_LEVEL = "-Onone";
			};
			name = Debug;
		};
		4482342223386A36004C92B6 /* Release */ = {
			isa = XCBuildConfiguration;
			buildSettings = {
				ALWAYS_SEARCH_USER_PATHS = NO;
				CLANG_ANALYZER_NONNULL = YES;
				CLANG_ANALYZER_NUMBER_OBJECT_CONVERSION = YES_AGGRESSIVE;
				CLANG_CXX_LANGUAGE_STANDARD = "gnu++14";
				CLANG_CXX_LIBRARY = "libc++";
				CLANG_ENABLE_MODULES = YES;
				CLANG_ENABLE_OBJC_ARC = YES;
				CLANG_ENABLE_OBJC_WEAK = YES;
				CLANG_WARN_BLOCK_CAPTURE_AUTORELEASING = YES;
				CLANG_WARN_BOOL_CONVERSION = YES;
				CLANG_WARN_COMMA = YES;
				CLANG_WARN_CONSTANT_CONVERSION = YES;
				CLANG_WARN_DEPRECATED_OBJC_IMPLEMENTATIONS = YES;
				CLANG_WARN_DIRECT_OBJC_ISA_USAGE = YES_ERROR;
				CLANG_WARN_DOCUMENTATION_COMMENTS = YES;
				CLANG_WARN_EMPTY_BODY = YES;
				CLANG_WARN_ENUM_CONVERSION = YES;
				CLANG_WARN_INFINITE_RECURSION = YES;
				CLANG_WARN_INT_CONVERSION = YES;
				CLANG_WARN_NON_LITERAL_NULL_CONVERSION = YES;
				CLANG_WARN_OBJC_IMPLICIT_RETAIN_SELF = YES;
				CLANG_WARN_OBJC_LITERAL_CONVERSION = YES;
				CLANG_WARN_OBJC_ROOT_CLASS = YES_ERROR;
				CLANG_WARN_RANGE_LOOP_ANALYSIS = YES;
				CLANG_WARN_STRICT_PROTOTYPES = YES;
				CLANG_WARN_SUSPICIOUS_MOVE = YES;
				CLANG_WARN_UNGUARDED_AVAILABILITY = YES_AGGRESSIVE;
				CLANG_WARN_UNREACHABLE_CODE = YES;
				CLANG_WARN__DUPLICATE_METHOD_MATCH = YES;
				CODE_SIGN_IDENTITY = "iPhone Developer";
				COPY_PHASE_STRIP = NO;
				DEBUG_INFORMATION_FORMAT = "dwarf-with-dsym";
				ENABLE_NS_ASSERTIONS = NO;
				ENABLE_STRICT_OBJC_MSGSEND = YES;
				GCC_C_LANGUAGE_STANDARD = gnu11;
				GCC_NO_COMMON_BLOCKS = YES;
				GCC_WARN_64_TO_32_BIT_CONVERSION = YES;
				GCC_WARN_ABOUT_RETURN_TYPE = YES_ERROR;
				GCC_WARN_UNDECLARED_SELECTOR = YES;
				GCC_WARN_UNINITIALIZED_AUTOS = YES_AGGRESSIVE;
				GCC_WARN_UNUSED_FUNCTION = YES;
				GCC_WARN_UNUSED_VARIABLE = YES;
				IPHONEOS_DEPLOYMENT_TARGET = 12.2;
				MTL_ENABLE_DEBUG_INFO = NO;
				MTL_FAST_MATH = YES;
				SDKROOT = iphoneos;
				SWIFT_COMPILATION_MODE = wholemodule;
				SWIFT_OPTIMIZATION_LEVEL = "-O";
				VALIDATE_PRODUCT = YES;
			};
			name = Release;
		};
		4482342423386A36004C92B6 /* Debug */ = {
			isa = XCBuildConfiguration;
			baseConfigurationReference = 97152774857DB6B9E2D82A21 /* Pods-SpaceX.debug.xcconfig */;
			buildSettings = {
				ASSETCATALOG_COMPILER_APPICON_NAME = AppIcon;
				CODE_SIGN_STYLE = Automatic;
				INFOPLIST_FILE = SpaceX/Info.plist;
				LD_RUNPATH_SEARCH_PATHS = (
					"$(inherited)",
					"@executable_path/Frameworks",
				);
				PRODUCT_BUNDLE_IDENTIFIER = com.test.SpaceX;
				PRODUCT_NAME = "$(TARGET_NAME)";
				SWIFT_VERSION = 5.0;
				TARGETED_DEVICE_FAMILY = "1,2";
			};
			name = Debug;
		};
		4482342523386A36004C92B6 /* Release */ = {
			isa = XCBuildConfiguration;
			baseConfigurationReference = 359C308E635E1C23A31AF5CF /* Pods-SpaceX.release.xcconfig */;
			buildSettings = {
				ASSETCATALOG_COMPILER_APPICON_NAME = AppIcon;
				CODE_SIGN_STYLE = Automatic;
				INFOPLIST_FILE = SpaceX/Info.plist;
				LD_RUNPATH_SEARCH_PATHS = (
					"$(inherited)",
					"@executable_path/Frameworks",
				);
				PRODUCT_BUNDLE_IDENTIFIER = com.test.SpaceX;
				PRODUCT_NAME = "$(TARGET_NAME)";
				SWIFT_VERSION = 5.0;
				TARGETED_DEVICE_FAMILY = "1,2";
			};
			name = Release;
		};
		4482342723386A36004C92B6 /* Debug */ = {
			isa = XCBuildConfiguration;
			baseConfigurationReference = 4FA1FEDE54A90DD96CEDCD5C /* Pods-SpaceXTests.debug.xcconfig */;
			buildSettings = {
				ALWAYS_EMBED_SWIFT_STANDARD_LIBRARIES = YES;
				BUNDLE_LOADER = "$(TEST_HOST)";
				CODE_SIGN_STYLE = Automatic;
				INFOPLIST_FILE = SpaceXTests/Info.plist;
				LD_RUNPATH_SEARCH_PATHS = (
					"$(inherited)",
					"@executable_path/Frameworks",
					"@loader_path/Frameworks",
				);
				PRODUCT_BUNDLE_IDENTIFIER = com.test.SpaceXTests;
				PRODUCT_NAME = "$(TARGET_NAME)";
				SWIFT_VERSION = 5.0;
				TARGETED_DEVICE_FAMILY = "1,2";
				TEST_HOST = "$(BUILT_PRODUCTS_DIR)/SpaceX.app/SpaceX";
			};
			name = Debug;
		};
		4482342823386A36004C92B6 /* Release */ = {
			isa = XCBuildConfiguration;
			baseConfigurationReference = 0FA94C094F283C2BF74DA31F /* Pods-SpaceXTests.release.xcconfig */;
			buildSettings = {
				ALWAYS_EMBED_SWIFT_STANDARD_LIBRARIES = YES;
				BUNDLE_LOADER = "$(TEST_HOST)";
				CODE_SIGN_STYLE = Automatic;
				INFOPLIST_FILE = SpaceXTests/Info.plist;
				LD_RUNPATH_SEARCH_PATHS = (
					"$(inherited)",
					"@executable_path/Frameworks",
					"@loader_path/Frameworks",
				);
				PRODUCT_BUNDLE_IDENTIFIER = com.test.SpaceXTests;
				PRODUCT_NAME = "$(TARGET_NAME)";
				SWIFT_VERSION = 5.0;
				TARGETED_DEVICE_FAMILY = "1,2";
				TEST_HOST = "$(BUILT_PRODUCTS_DIR)/SpaceX.app/SpaceX";
			};
			name = Release;
		};
/* End XCBuildConfiguration section */

/* Begin XCConfigurationList section */
		4482340123386A34004C92B6 /* Build configuration list for PBXProject "SpaceX" */ = {
			isa = XCConfigurationList;
			buildConfigurations = (
				4482342123386A36004C92B6 /* Debug */,
				4482342223386A36004C92B6 /* Release */,
			);
			defaultConfigurationIsVisible = 0;
			defaultConfigurationName = Release;
		};
		4482342323386A36004C92B6 /* Build configuration list for PBXNativeTarget "SpaceX" */ = {
			isa = XCConfigurationList;
			buildConfigurations = (
				4482342423386A36004C92B6 /* Debug */,
				4482342523386A36004C92B6 /* Release */,
			);
			defaultConfigurationIsVisible = 0;
			defaultConfigurationName = Release;
		};
		4482342623386A36004C92B6 /* Build configuration list for PBXNativeTarget "SpaceXTests" */ = {
			isa = XCConfigurationList;
			buildConfigurations = (
				4482342723386A36004C92B6 /* Debug */,
				4482342823386A36004C92B6 /* Release */,
			);
			defaultConfigurationIsVisible = 0;
			defaultConfigurationName = Release;
		};
/* End XCConfigurationList section */
	};
	rootObject = 448233FE23386A34004C92B6 /* Project object */;
}
